
Microsoft Visual Studio Solution File, Format Version 12.00
# Visual Studio Version 17
VisualStudioVersion = 17.9.34728.123
MinimumVisualStudioVersion = 10.0.40219.1
Project("{FAE04EC0-301F-11D3-BF4B-00C04F79EFBC}") = "API-Consultorio-Medico-APS", "API-Consultorio-Medico-APS\API-Consultorio-Medico-APS.csproj", "{D635587B-2413-4C60-B0BE-35A12741324B}"
EndProject
Global
	GlobalSection(SolutionConfigurationPlatforms) = preSolution
		Debug|Any CPU = Debug|Any CPU
		Release|Any CPU = Release|Any CPU
	EndGlobalSection
	GlobalSection(ProjectConfigurationPlatforms) = postSolution
		{D635587B-2413-4C60-B0BE-35A12741324B}.Debug|Any CPU.ActiveCfg = Debug|Any CPU
		{D635587B-2413-4C60-B0BE-35A12741324B}.Debug|Any CPU.Build.0 = Debug|Any CPU
		{D635587B-2413-4C60-B0BE-35A12741324B}.Release|Any CPU.ActiveCfg = Release|Any CPU
		{D635587B-2413-4C60-B0BE-35A12741324B}.Release|Any CPU.Build.0 = Release|Any CPU
	EndGlobalSection
	GlobalSection(SolutionProperties) = preSolution
		HideSolutionNode = FALSE
	EndGlobalSection
	GlobalSection(ExtensibilityGlobals) = postSolution
		SolutionGuid = {3E99CA03-0979-4A7E-AF77-3FF63E150838}
	EndGlobalSection
EndGlobal
